// !$*UTF8*$!
{
	archiveVersion = 1;
	classes = {
	};
	objectVersion = 50;
	objects = {

/* Begin PBXBuildFile section */
		585AFB8B245EC6BD00A3A7C6 /* AlertViewController.swift in Sources */ = {isa = PBXBuildFile; fileRef = 585AFB8A245EC6BD00A3A7C6 /* AlertViewController.swift */; };
		585AFB8D245EEB4800A3A7C6 /* TabBarController.swift in Sources */ = {isa = PBXBuildFile; fileRef = 585AFB8C245EEB4800A3A7C6 /* TabBarController.swift */; };
		585AFB91245EFA2200A3A7C6 /* GoogleService-Info.plist in Resources */ = {isa = PBXBuildFile; fileRef = 585AFB90245EFA2200A3A7C6 /* GoogleService-Info.plist */; };
		585CF95F245E9E8600189144 /* AppDelegate.swift in Sources */ = {isa = PBXBuildFile; fileRef = 585CF95E245E9E8600189144 /* AppDelegate.swift */; };
		585CF961245E9E8600189144 /* SceneDelegate.swift in Sources */ = {isa = PBXBuildFile; fileRef = 585CF960245E9E8600189144 /* SceneDelegate.swift */; };
		585CF966245E9E8600189144 /* Main.storyboard in Resources */ = {isa = PBXBuildFile; fileRef = 585CF964245E9E8600189144 /* Main.storyboard */; };
		585CF968245E9E8800189144 /* Assets.xcassets in Resources */ = {isa = PBXBuildFile; fileRef = 585CF967245E9E8800189144 /* Assets.xcassets */; };
		585CF96B245E9E8800189144 /* LaunchScreen.storyboard in Resources */ = {isa = PBXBuildFile; fileRef = 585CF969245E9E8800189144 /* LaunchScreen.storyboard */; };
		585CF973245EB5F900189144 /* HomeViewController.swift in Sources */ = {isa = PBXBuildFile; fileRef = 585CF972245EB5F900189144 /* HomeViewController.swift */; };
		585CF975245EB61200189144 /* PostViewController.swift in Sources */ = {isa = PBXBuildFile; fileRef = 585CF974245EB61200189144 /* PostViewController.swift */; };
		585CF977245EB62300189144 /* RecordViewController.swift in Sources */ = {isa = PBXBuildFile; fileRef = 585CF976245EB62300189144 /* RecordViewController.swift */; };
		585CF97D245EB70100189144 /* MyPageViewController.swift in Sources */ = {isa = PBXBuildFile; fileRef = 585CF97C245EB70100189144 /* MyPageViewController.swift */; };
		585CF97F245EB72D00189144 /* CommentViewController.swift in Sources */ = {isa = PBXBuildFile; fileRef = 585CF97E245EB72D00189144 /* CommentViewController.swift */; };
		99A4D652947612D864BCF7C9 /* Pods_At_a_stadium.framework in Frameworks */ = {isa = PBXBuildFile; fileRef = 33A7492124FEA3BAC1C5DDF2 /* Pods_At_a_stadium.framework */; };
/* End PBXBuildFile section */

/* Begin PBXFileReference section */
		33A7492124FEA3BAC1C5DDF2 /* Pods_At_a_stadium.framework */ = {isa = PBXFileReference; explicitFileType = wrapper.framework; includeInIndex = 0; path = Pods_At_a_stadium.framework; sourceTree = BUILT_PRODUCTS_DIR; };
		585AFB8A245EC6BD00A3A7C6 /* AlertViewController.swift */ = {isa = PBXFileReference; lastKnownFileType = sourcecode.swift; path = AlertViewController.swift; sourceTree = "<group>"; };
		585AFB8C245EEB4800A3A7C6 /* TabBarController.swift */ = {isa = PBXFileReference; lastKnownFileType = sourcecode.swift; path = TabBarController.swift; sourceTree = "<group>"; };
		585AFB90245EFA2200A3A7C6 /* GoogleService-Info.plist */ = {isa = PBXFileReference; fileEncoding = 4; lastKnownFileType = text.plist.xml; path = "GoogleService-Info.plist"; sourceTree = "<group>"; };
		585CF95B245E9E8600189144 /* At a stadium.app */ = {isa = PBXFileReference; explicitFileType = wrapper.application; includeInIndex = 0; path = "At a stadium.app"; sourceTree = BUILT_PRODUCTS_DIR; };
		585CF95E245E9E8600189144 /* AppDelegate.swift */ = {isa = PBXFileReference; lastKnownFileType = sourcecode.swift; path = AppDelegate.swift; sourceTree = "<group>"; };
		585CF960245E9E8600189144 /* SceneDelegate.swift */ = {isa = PBXFileReference; lastKnownFileType = sourcecode.swift; path = SceneDelegate.swift; sourceTree = "<group>"; };
		585CF965245E9E8600189144 /* Base */ = {isa = PBXFileReference; lastKnownFileType = file.storyboard; name = Base; path = Base.lproj/Main.storyboard; sourceTree = "<group>"; };
		585CF967245E9E8800189144 /* Assets.xcassets */ = {isa = PBXFileReference; lastKnownFileType = folder.assetcatalog; path = Assets.xcassets; sourceTree = "<group>"; };
		585CF96A245E9E8800189144 /* Base */ = {isa = PBXFileReference; lastKnownFileType = file.storyboard; name = Base; path = Base.lproj/LaunchScreen.storyboard; sourceTree = "<group>"; };
		585CF96C245E9E8800189144 /* Info.plist */ = {isa = PBXFileReference; lastKnownFileType = text.plist.xml; path = Info.plist; sourceTree = "<group>"; };
		585CF972245EB5F900189144 /* HomeViewController.swift */ = {isa = PBXFileReference; lastKnownFileType = sourcecode.swift; path = HomeViewController.swift; sourceTree = "<group>"; };
		585CF974245EB61200189144 /* PostViewController.swift */ = {isa = PBXFileReference; lastKnownFileType = sourcecode.swift; path = PostViewController.swift; sourceTree = "<group>"; };
		585CF976245EB62300189144 /* RecordViewController.swift */ = {isa = PBXFileReference; lastKnownFileType = sourcecode.swift; path = RecordViewController.swift; sourceTree = "<group>"; };
		585CF97C245EB70100189144 /* MyPageViewController.swift */ = {isa = PBXFileReference; lastKnownFileType = sourcecode.swift; path = MyPageViewController.swift; sourceTree = "<group>"; };
		585CF97E245EB72D00189144 /* CommentViewController.swift */ = {isa = PBXFileReference; lastKnownFileType = sourcecode.swift; path = CommentViewController.swift; sourceTree = "<group>"; };
		9071D576CF1A518EB2471145 /* Pods-At a stadium.debug.xcconfig */ = {isa = PBXFileReference; includeInIndex = 1; lastKnownFileType = text.xcconfig; name = "Pods-At a stadium.debug.xcconfig"; path = "Target Support Files/Pods-At a stadium/Pods-At a stadium.debug.xcconfig"; sourceTree = "<group>"; };
		FC46FF6F2366A991B5A6669F /* Pods-At a stadium.release.xcconfig */ = {isa = PBXFileReference; includeInIndex = 1; lastKnownFileType = text.xcconfig; name = "Pods-At a stadium.release.xcconfig"; path = "Target Support Files/Pods-At a stadium/Pods-At a stadium.release.xcconfig"; sourceTree = "<group>"; };
/* End PBXFileReference section */

/* Begin PBXFrameworksBuildPhase section */
		585CF958245E9E8600189144 /* Frameworks */ = {
			isa = PBXFrameworksBuildPhase;
			buildActionMask = 2147483647;
			files = (
				99A4D652947612D864BCF7C9 /* Pods_At_a_stadium.framework in Frameworks */,
			);
			runOnlyForDeploymentPostprocessing = 0;
		};
/* End PBXFrameworksBuildPhase section */

/* Begin PBXGroup section */
		0156904B67E6E1937AF42CE7 /* Pods */ = {
			isa = PBXGroup;
			children = (
				9071D576CF1A518EB2471145 /* Pods-At a stadium.debug.xcconfig */,
				FC46FF6F2366A991B5A6669F /* Pods-At a stadium.release.xcconfig */,
			);
			name = Pods;
			path = Pods;
			sourceTree = "<group>";
		};
		585CF952245E9E8600189144 = {
			isa = PBXGroup;
			children = (
				585CF95D245E9E8600189144 /* At a stadium */,
				585CF95C245E9E8600189144 /* Products */,
				0156904B67E6E1937AF42CE7 /* Pods */,
				5E3461F084DB6E6B4847B959 /* Frameworks */,
			);
			sourceTree = "<group>";
		};
		585CF95C245E9E8600189144 /* Products */ = {
			isa = PBXGroup;
			children = (
				585CF95B245E9E8600189144 /* At a stadium.app */,
			);
			name = Products;
			sourceTree = "<group>";
		};
		585CF95D245E9E8600189144 /* At a stadium */ = {
			isa = PBXGroup;
			children = (
				585CF95E245E9E8600189144 /* AppDelegate.swift */,
				585CF960245E9E8600189144 /* SceneDelegate.swift */,
				585CF964245E9E8600189144 /* Main.storyboard */,
				585CF97E245EB72D00189144 /* CommentViewController.swift */,
				585CF974245EB61200189144 /* PostViewController.swift */,
				585AFB8A245EC6BD00A3A7C6 /* AlertViewController.swift */,
				585CF976245EB62300189144 /* RecordViewController.swift */,
				585CF972245EB5F900189144 /* HomeViewController.swift */,
				585CF97C245EB70100189144 /* MyPageViewController.swift */,
				585AFB8C245EEB4800A3A7C6 /* TabBarController.swift */,
				585CF967245E9E8800189144 /* Assets.xcassets */,
				585CF969245E9E8800189144 /* LaunchScreen.storyboard */,
				585CF96C245E9E8800189144 /* Info.plist */,
				585AFB90245EFA2200A3A7C6 /* GoogleService-Info.plist */,
			);
			path = "At a stadium";
			sourceTree = "<group>";
		};
		5E3461F084DB6E6B4847B959 /* Frameworks */ = {
			isa = PBXGroup;
			children = (
				33A7492124FEA3BAC1C5DDF2 /* Pods_At_a_stadium.framework */,
			);
			name = Frameworks;
			sourceTree = "<group>";
		};
/* End PBXGroup section */

/* Begin PBXNativeTarget section */
		585CF95A245E9E8600189144 /* At a stadium */ = {
			isa = PBXNativeTarget;
			buildConfigurationList = 585CF96F245E9E8800189144 /* Build configuration list for PBXNativeTarget "At a stadium" */;
			buildPhases = (
				88D423895B8771AEAB7E6F06 /* [CP] Check Pods Manifest.lock */,
				585CF957245E9E8600189144 /* Sources */,
				585CF958245E9E8600189144 /* Frameworks */,
				585CF959245E9E8600189144 /* Resources */,
				2536F72A24D759DF23F0E15D /* [CP] Embed Pods Frameworks */,
			);
			buildRules = (
			);
			dependencies = (
			);
			name = "At a stadium";
			productName = "At a stadium";
			productReference = 585CF95B245E9E8600189144 /* At a stadium.app */;
			productType = "com.apple.product-type.application";
		};
/* End PBXNativeTarget section */

/* Begin PBXProject section */
		585CF953245E9E8600189144 /* Project object */ = {
			isa = PBXProject;
			attributes = {
				LastSwiftUpdateCheck = 1140;
				LastUpgradeCheck = 1140;
				ORGANIZATIONNAME = "Yuto Masamura";
				TargetAttributes = {
					585CF95A245E9E8600189144 = {
						CreatedOnToolsVersion = 11.4;
					};
				};
			};
			buildConfigurationList = 585CF956245E9E8600189144 /* Build configuration list for PBXProject "At a stadium" */;
			compatibilityVersion = "Xcode 9.3";
			developmentRegion = en;
			hasScannedForEncodings = 0;
			knownRegions = (
				en,
				Base,
			);
			mainGroup = 585CF952245E9E8600189144;
			productRefGroup = 585CF95C245E9E8600189144 /* Products */;
			projectDirPath = "";
			projectRoot = "";
			targets = (
				585CF95A245E9E8600189144 /* At a stadium */,
			);
		};
/* End PBXProject section */

/* Begin PBXResourcesBuildPhase section */
		585CF959245E9E8600189144 /* Resources */ = {
			isa = PBXResourcesBuildPhase;
			buildActionMask = 2147483647;
			files = (
				585CF96B245E9E8800189144 /* LaunchScreen.storyboard in Resources */,
				585AFB91245EFA2200A3A7C6 /* GoogleService-Info.plist in Resources */,
				585CF968245E9E8800189144 /* Assets.xcassets in Resources */,
				585CF966245E9E8600189144 /* Main.storyboard in Resources */,
			);
			runOnlyForDeploymentPostprocessing = 0;
		};
/* End PBXResourcesBuildPhase section */

/* Begin PBXShellScriptBuildPhase section */
		2536F72A24D759DF23F0E15D /* [CP] Embed Pods Frameworks */ = {
			isa = PBXShellScriptBuildPhase;
			buildActionMask = 2147483647;
			files = (
			);
			inputFileListPaths = (
				"${PODS_ROOT}/Target Support Files/Pods-At a stadium/Pods-At a stadium-frameworks-${CONFIGURATION}-input-files.xcfilelist",
			);
			name = "[CP] Embed Pods Frameworks";
			outputFileListPaths = (
				"${PODS_ROOT}/Target Support Files/Pods-At a stadium/Pods-At a stadium-frameworks-${CONFIGURATION}-output-files.xcfilelist",
			);
			runOnlyForDeploymentPostprocessing = 0;
			shellPath = /bin/sh;
			shellScript = "\"${PODS_ROOT}/Target Support Files/Pods-At a stadium/Pods-At a stadium-frameworks.sh\"\n";
			showEnvVarsInLog = 0;
		};
		88D423895B8771AEAB7E6F06 /* [CP] Check Pods Manifest.lock */ = {
			isa = PBXShellScriptBuildPhase;
			buildActionMask = 2147483647;
			files = (
			);
			inputFileListPaths = (
			);
			inputPaths = (
				"${PODS_PODFILE_DIR_PATH}/Podfile.lock",
				"${PODS_ROOT}/Manifest.lock",
			);
			name = "[CP] Check Pods Manifest.lock";
			outputFileListPaths = (
			);
			outputPaths = (
				"$(DERIVED_FILE_DIR)/Pods-At a stadium-checkManifestLockResult.txt",
			);
			runOnlyForDeploymentPostprocessing = 0;
			shellPath = /bin/sh;
			shellScript = "diff \"${PODS_PODFILE_DIR_PATH}/Podfile.lock\" \"${PODS_ROOT}/Manifest.lock\" > /dev/null\nif [ $? != 0 ] ; then\n    # print error to STDERR\n    echo \"error: The sandbox is not in sync with the Podfile.lock. Run 'pod install' or update your CocoaPods installation.\" >&2\n    exit 1\nfi\n# This output is used by Xcode 'outputs' to avoid re-running this script phase.\necho \"SUCCESS\" > \"${SCRIPT_OUTPUT_FILE_0}\"\n";
			showEnvVarsInLog = 0;
		};
/* End PBXShellScriptBuildPhase section */

/* Begin PBXSourcesBuildPhase section */
		585CF957245E9E8600189144 /* Sources */ = {
			isa = PBXSourcesBuildPhase;
			buildActionMask = 2147483647;
			files = (
				585CF97F245EB72D00189144 /* CommentViewController.swift in Sources */,
				585CF95F245E9E8600189144 /* AppDelegate.swift in Sources */,
				585CF97D245EB70100189144 /* MyPageViewController.swift in Sources */,
				585AFB8D245EEB4800A3A7C6 /* TabBarController.swift in Sources */,
				585AFB8B245EC6BD00A3A7C6 /* AlertViewController.swift in Sources */,
				585CF961245E9E8600189144 /* SceneDelegate.swift in Sources */,
				585CF977245EB62300189144 /* RecordViewController.swift in Sources */,
				585CF973245EB5F900189144 /* HomeViewController.swift in Sources */,
				585CF975245EB61200189144 /* PostViewController.swift in Sources */,
			);
			runOnlyForDeploymentPostprocessing = 0;
		};
/* End PBXSourcesBuildPhase section */

/* Begin PBXVariantGroup section */
		585CF964245E9E8600189144 /* Main.storyboard */ = {
			isa = PBXVariantGroup;
			children = (
				585CF965245E9E8600189144 /* Base */,
			);
			name = Main.storyboard;
			sourceTree = "<group>";
		};
		585CF969245E9E8800189144 /* LaunchScreen.storyboard */ = {
			isa = PBXVariantGroup;
			children = (
				585CF96A245E9E8800189144 /* Base */,
			);
			name = LaunchScreen.storyboard;
			sourceTree = "<group>";
		};
/* End PBXVariantGroup section */

/* Begin XCBuildConfiguration section */
		585CF96D245E9E8800189144 /* Debug */ = {
			isa = XCBuildConfiguration;
			buildSettings = {
				ALWAYS_SEARCH_USER_PATHS = NO;
				CLANG_ANALYZER_NONNULL = YES;
				CLANG_ANALYZER_NUMBER_OBJECT_CONVERSION = YES_AGGRESSIVE;
				CLANG_CXX_LANGUAGE_STANDARD = "gnu++14";
				CLANG_CXX_LIBRARY = "libc++";
				CLANG_ENABLE_MODULES = YES;
				CLANG_ENABLE_OBJC_ARC = YES;
				CLANG_ENABLE_OBJC_WEAK = YES;
				CLANG_WARN_BLOCK_CAPTURE_AUTORELEASING = YES;
				CLANG_WARN_BOOL_CONVERSION = YES;
				CLANG_WARN_COMMA = YES;
				CLANG_WARN_CONSTANT_CONVERSION = YES;
				CLANG_WARN_DEPRECATED_OBJC_IMPLEMENTATIONS = YES;
				CLANG_WARN_DIRECT_OBJC_ISA_USAGE = YES_ERROR;
				CLANG_WARN_DOCUMENTATION_COMMENTS = YES;
				CLANG_WARN_EMPTY_BODY = YES;
				CLANG_WARN_ENUM_CONVERSION = YES;
				CLANG_WARN_INFINITE_RECURSION = YES;
				CLANG_WARN_INT_CONVERSION = YES;
				CLANG_WARN_NON_LITERAL_NULL_CONVERSION = YES;
				CLANG_WARN_OBJC_IMPLICIT_RETAIN_SELF = YES;
				CLANG_WARN_OBJC_LITERAL_CONVERSION = YES;
				CLANG_WARN_OBJC_ROOT_CLASS = YES_ERROR;
				CLANG_WARN_RANGE_LOOP_ANALYSIS = YES;
				CLANG_WARN_STRICT_PROTOTYPES = YES;
				CLANG_WARN_SUSPICIOUS_MOVE = YES;
				CLANG_WARN_UNGUARDED_AVAILABILITY = YES_AGGRESSIVE;
				CLANG_WARN_UNREACHABLE_CODE = YES;
				CLANG_WARN__DUPLICATE_METHOD_MATCH = YES;
				COPY_PHASE_STRIP = NO;
				DEBUG_INFORMATION_FORMAT = dwarf;
				ENABLE_STRICT_OBJC_MSGSEND = YES;
				ENABLE_TESTABILITY = YES;
				GCC_C_LANGUAGE_STANDARD = gnu11;
				GCC_DYNAMIC_NO_PIC = NO;
				GCC_NO_COMMON_BLOCKS = YES;
				GCC_OPTIMIZATION_LEVEL = 0;
				GCC_PREPROCESSOR_DEFINITIONS = (
					"DEBUG=1",
					"$(inherited)",
				);
				GCC_WARN_64_TO_32_BIT_CONVERSION = YES;
				GCC_WARN_ABOUT_RETURN_TYPE = YES_ERROR;
				GCC_WARN_UNDECLARED_SELECTOR = YES;
				GCC_WARN_UNINITIALIZED_AUTOS = YES_AGGRESSIVE;
				GCC_WARN_UNUSED_FUNCTION = YES;
				GCC_WARN_UNUSED_VARIABLE = YES;
				IPHONEOS_DEPLOYMENT_TARGET = 13.4;
				MTL_ENABLE_DEBUG_INFO = INCLUDE_SOURCE;
				MTL_FAST_MATH = YES;
				ONLY_ACTIVE_ARCH = YES;
				SDKROOT = iphoneos;
				SWIFT_ACTIVE_COMPILATION_CONDITIONS = DEBUG;
				SWIFT_OPTIMIZATION_LEVEL = "-Onone";
			};
			name = Debug;
		};
		585CF96E245E9E8800189144 /* Release */ = {
			isa = XCBuildConfiguration;
			buildSettings = {
				ALWAYS_SEARCH_USER_PATHS = NO;
				CLANG_ANALYZER_NONNULL = YES;
				CLANG_ANALYZER_NUMBER_OBJECT_CONVERSION = YES_AGGRESSIVE;
				CLANG_CXX_LANGUAGE_STANDARD = "gnu++14";
				CLANG_CXX_LIBRARY = "libc++";
				CLANG_ENABLE_MODULES = YES;
				CLANG_ENABLE_OBJC_ARC = YES;
				CLANG_ENABLE_OBJC_WEAK = YES;
				CLANG_WARN_BLOCK_CAPTURE_AUTORELEASING = YES;
				CLANG_WARN_BOOL_CONVERSION = YES;
				CLANG_WARN_COMMA = YES;
				CLANG_WARN_CONSTANT_CONVERSION = YES;
				CLANG_WARN_DEPRECATED_OBJC_IMPLEMENTATIONS = YES;
				CLANG_WARN_DIRECT_OBJC_ISA_USAGE = YES_ERROR;
				CLANG_WARN_DOCUMENTATION_COMMENTS = YES;
				CLANG_WARN_EMPTY_BODY = YES;
				CLANG_WARN_ENUM_CONVERSION = YES;
				CLANG_WARN_INFINITE_RECURSION = YES;
				CLANG_WARN_INT_CONVERSION = YES;
				CLANG_WARN_NON_LITERAL_NULL_CONVERSION = YES;
				CLANG_WARN_OBJC_IMPLICIT_RETAIN_SELF = YES;
				CLANG_WARN_OBJC_LITERAL_CONVERSION = YES;
				CLANG_WARN_OBJC_ROOT_CLASS = YES_ERROR;
				CLANG_WARN_RANGE_LOOP_ANALYSIS = YES;
				CLANG_WARN_STRICT_PROTOTYPES = YES;
				CLANG_WARN_SUSPICIOUS_MOVE = YES;
				CLANG_WARN_UNGUARDED_AVAILABILITY = YES_AGGRESSIVE;
				CLANG_WARN_UNREACHABLE_CODE = YES;
				CLANG_WARN__DUPLICATE_METHOD_MATCH = YES;
				COPY_PHASE_STRIP = NO;
				DEBUG_INFORMATION_FORMAT = "dwarf-with-dsym";
				ENABLE_NS_ASSERTIONS = NO;
				ENABLE_STRICT_OBJC_MSGSEND = YES;
				GCC_C_LANGUAGE_STANDARD = gnu11;
				GCC_NO_COMMON_BLOCKS = YES;
				GCC_WARN_64_TO_32_BIT_CONVERSION = YES;
				GCC_WARN_ABOUT_RETURN_TYPE = YES_ERROR;
				GCC_WARN_UNDECLARED_SELECTOR = YES;
				GCC_WARN_UNINITIALIZED_AUTOS = YES_AGGRESSIVE;
				GCC_WARN_UNUSED_FUNCTION = YES;
				GCC_WARN_UNUSED_VARIABLE = YES;
				IPHONEOS_DEPLOYMENT_TARGET = 13.4;
				MTL_ENABLE_DEBUG_INFO = NO;
				MTL_FAST_MATH = YES;
				SDKROOT = iphoneos;
				SWIFT_COMPILATION_MODE = wholemodule;
				SWIFT_OPTIMIZATION_LEVEL = "-O";
				VALIDATE_PRODUCT = YES;
			};
			name = Release;
		};
		585CF970245E9E8800189144 /* Debug */ = {
			isa = XCBuildConfiguration;
			baseConfigurationReference = 9071D576CF1A518EB2471145 /* Pods-At a stadium.debug.xcconfig */;
			buildSettings = {
				ASSETCATALOG_COMPILER_APPICON_NAME = AppIcon;
				CODE_SIGN_STYLE = Automatic;
				DEVELOPMENT_TEAM = 972T9QBG2D;
				INFOPLIST_FILE = "At a stadium/Info.plist";
				IPHONEOS_DEPLOYMENT_TARGET = 13.1;
				LD_RUNPATH_SEARCH_PATHS = (
					"$(inherited)",
					"@executable_path/Frameworks",
				);
				PRODUCT_BUNDLE_IDENTIFIER = "tokyo.zerof00.At-a-stadium";
				PRODUCT_NAME = "$(TARGET_NAME)";
				SWIFT_VERSION = 5.0;
				TARGETED_DEVICE_FAMILY = "1,2";
			};
			name = Debug;
		};
		585CF971245E9E8800189144 /* Release */ = {
			isa = XCBuildConfiguration;
			baseConfigurationReference = FC46FF6F2366A991B5A6669F /* Pods-At a stadium.release.xcconfig */;
			buildSettings = {
				ASSETCATALOG_COMPILER_APPICON_NAME = AppIcon;
				CODE_SIGN_STYLE = Automatic;
				DEVELOPMENT_TEAM = 972T9QBG2D;
				INFOPLIST_FILE = "At a stadium/Info.plist";
				IPHONEOS_DEPLOYMENT_TARGET = 13.1;
				LD_RUNPATH_SEARCH_PATHS = (
					"$(inherited)",
					"@executable_path/Frameworks",
				);
				PRODUCT_BUNDLE_IDENTIFIER = "tokyo.zerof00.At-a-stadium";
				PRODUCT_NAME = "$(TARGET_NAME)";
				SWIFT_VERSION = 5.0;
				TARGETED_DEVICE_FAMILY = "1,2";
			};
			name = Release;
		};
/* End XCBuildConfiguration section */

/* Begin XCConfigurationList section */
		585CF956245E9E8600189144 /* Build configuration list for PBXProject "At a stadium" */ = {
			isa = XCConfigurationList;
			buildConfigurations = (
				585CF96D245E9E8800189144 /* Debug */,
				585CF96E245E9E8800189144 /* Release */,
			);
			defaultConfigurationIsVisible = 0;
			defaultConfigurationName = Release;
		};
		585CF96F245E9E8800189144 /* Build configuration list for PBXNativeTarget "At a stadium" */ = {
			isa = XCConfigurationList;
			buildConfigurations = (
				585CF970245E9E8800189144 /* Debug */,
				585CF971245E9E8800189144 /* Release */,
			);
			defaultConfigurationIsVisible = 0;
			defaultConfigurationName = Release;
		};
/* End XCConfigurationList section */
	};
	rootObject = 585CF953245E9E8600189144 /* Project object */;
}
